
Microsoft Visual Studio Solution File, Format Version 11.00
# Visual Studio 2010
Project("{FAE04EC0-301F-11D3-BF4B-00C04F79EFBC}") = "CS2053Lab10", "CS2053Lab10\CS2053Lab10\CS2053Lab10.csproj", "{F900D667-F8CA-4C4E-B7AF-E8F4A474DB2C}"
EndProject
Project("{96E2B04D-8817-42C6-938A-82C39BA4D311}") = "CS2053Lab10Content", "CS2053Lab10\CS2053Lab10Content\CS2053Lab10Content.contentproj", "{7C7EDE9B-4A3A-4703-AA6F-561C84CE1978}"
EndProject
Global
	GlobalSection(SolutionConfigurationPlatforms) = preSolution
		Debug|x86 = Debug|x86
		Release|x86 = Release|x86
	EndGlobalSection
	GlobalSection(ProjectConfigurationPlatforms) = postSolution
		{F900D667-F8CA-4C4E-B7AF-E8F4A474DB2C}.Debug|x86.ActiveCfg = Debug|x86
		{F900D667-F8CA-4C4E-B7AF-E8F4A474DB2C}.Debug|x86.Build.0 = Debug|x86
		{F900D667-F8CA-4C4E-B7AF-E8F4A474DB2C}.Release|x86.ActiveCfg = Release|x86
		{F900D667-F8CA-4C4E-B7AF-E8F4A474DB2C}.Release|x86.Build.0 = Release|x86
		{7C7EDE9B-4A3A-4703-AA6F-561C84CE1978}.Debug|x86.ActiveCfg = Debug|x86
		{7C7EDE9B-4A3A-4703-AA6F-561C84CE1978}.Release|x86.ActiveCfg = Release|x86
	EndGlobalSection
	GlobalSection(SolutionProperties) = preSolution
		HideSolutionNode = FALSE
	EndGlobalSection
EndGlobal
