
Microsoft Visual Studio Solution File, Format Version 11.00
# Visual Studio 2010
Project("{FAE04EC0-301F-11D3-BF4B-00C04F79EFBC}") = "CS2053Lab3", "CS2053Lab3\CS2053Lab3\CS2053Lab3.csproj", "{6F0E6F6F-70D5-4BEA-B0D2-F3C6B1528149}"
EndProject
Project("{96E2B04D-8817-42C6-938A-82C39BA4D311}") = "CS2053Lab3Content", "CS2053Lab3\CS2053Lab3Content\CS2053Lab3Content.contentproj", "{D62F2B3F-6490-4296-B071-68D7E07DA488}"
EndProject
Global
	GlobalSection(SolutionConfigurationPlatforms) = preSolution
		Debug|x86 = Debug|x86
		Release|x86 = Release|x86
	EndGlobalSection
	GlobalSection(ProjectConfigurationPlatforms) = postSolution
		{6F0E6F6F-70D5-4BEA-B0D2-F3C6B1528149}.Debug|x86.ActiveCfg = Debug|x86
		{6F0E6F6F-70D5-4BEA-B0D2-F3C6B1528149}.Debug|x86.Build.0 = Debug|x86
		{6F0E6F6F-70D5-4BEA-B0D2-F3C6B1528149}.Release|x86.ActiveCfg = Release|x86
		{6F0E6F6F-70D5-4BEA-B0D2-F3C6B1528149}.Release|x86.Build.0 = Release|x86
		{D62F2B3F-6490-4296-B071-68D7E07DA488}.Debug|x86.ActiveCfg = Debug|x86
		{D62F2B3F-6490-4296-B071-68D7E07DA488}.Release|x86.ActiveCfg = Release|x86
	EndGlobalSection
	GlobalSection(SolutionProperties) = preSolution
		HideSolutionNode = FALSE
	EndGlobalSection
EndGlobal
